// !$*UTF8*$!
{
	archiveVersion = 1;
	classes = {
	};
	objectVersion = 46;
	objects = {

/* Begin PBXBuildFile section */
		1A71A6441EEB010D00C54BFA /* AppDelegate.swift in Sources */ = {isa = PBXBuildFile; fileRef = 1A71A6431EEB010D00C54BFA /* AppDelegate.swift */; };
		1A71A6461EEB010D00C54BFA /* ViewController.swift in Sources */ = {isa = PBXBuildFile; fileRef = 1A71A6451EEB010D00C54BFA /* ViewController.swift */; };
		1A71A6491EEB010D00C54BFA /* Main.storyboard in Resources */ = {isa = PBXBuildFile; fileRef = 1A71A6471EEB010D00C54BFA /* Main.storyboard */; };
		1A71A64B1EEB010D00C54BFA /* Assets.xcassets in Resources */ = {isa = PBXBuildFile; fileRef = 1A71A64A1EEB010D00C54BFA /* Assets.xcassets */; };
		1A71A64E1EEB010D00C54BFA /* LaunchScreen.storyboard in Resources */ = {isa = PBXBuildFile; fileRef = 1A71A64C1EEB010D00C54BFA /* LaunchScreen.storyboard */; };
/* End PBXBuildFile section */

/* Begin PBXFileReference section */
		1A71A6401EEB010D00C54BFA /* firstTutorial.app */ = {isa = PBXFileReference; explicitFileType = wrapper.application; includeInIndex = 0; path = firstTutorial.app; sourceTree = BUILT_PRODUCTS_DIR; };
		1A71A6431EEB010D00C54BFA /* AppDelegate.swift */ = {isa = PBXFileReference; lastKnownFileType = sourcecode.swift; path = AppDelegate.swift; sourceTree = "<group>"; };
		1A71A6451EEB010D00C54BFA /* ViewController.swift */ = {isa = PBXFileReference; lastKnownFileType = sourcecode.swift; path = ViewController.swift; sourceTree = "<group>"; };
		1A71A6481EEB010D00C54BFA /* Base */ = {isa = PBXFileReference; lastKnownFileType = file.storyboard; name = Base; path = Base.lproj/Main.storyboard; sourceTree = "<group>"; };
		1A71A64A1EEB010D00C54BFA /* Assets.xcassets */ = {isa = PBXFileReference; lastKnownFileType = folder.assetcatalog; path = Assets.xcassets; sourceTree = "<group>"; };
		1A71A64D1EEB010D00C54BFA /* Base */ = {isa = PBXFileReference; lastKnownFileType = file.storyboard; name = Base; path = Base.lproj/LaunchScreen.storyboard; sourceTree = "<group>"; };
		1A71A64F1EEB010D00C54BFA /* Info.plist */ = {isa = PBXFileReference; lastKnownFileType = text.plist.xml; path = Info.plist; sourceTree = "<group>"; };
/* End PBXFileReference section */

/* Begin PBXFrameworksBuildPhase section */
		1A71A63D1EEB010D00C54BFA /* Frameworks */ = {
			isa = PBXFrameworksBuildPhase;
			buildActionMask = 2147483647;
			files = (
			);
			runOnlyForDeploymentPostprocessing = 0;
		};
/* End PBXFrameworksBuildPhase section */

/* Begin PBXGroup section */
		1A71A6371EEB010D00C54BFA = {
			isa = PBXGroup;
			children = (
				1A71A6421EEB010D00C54BFA /* firstTutorial */,
				1A71A6411EEB010D00C54BFA /* Products */,
			);
			sourceTree = "<group>";
		};
		1A71A6411EEB010D00C54BFA /* Products */ = {
			isa = PBXGroup;
			children = (
				1A71A6401EEB010D00C54BFA /* firstTutorial.app */,
			);
			name = Products;
			sourceTree = "<group>";
		};
		1A71A6421EEB010D00C54BFA /* firstTutorial */ = {
			isa = PBXGroup;
			children = (
				1A71A6431EEB010D00C54BFA /* AppDelegate.swift */,
				1A71A6451EEB010D00C54BFA /* ViewController.swift */,
				1A71A6471EEB010D00C54BFA /* Main.storyboard */,
				1A71A64A1EEB010D00C54BFA /* Assets.xcassets */,
				1A71A64C1EEB010D00C54BFA /* LaunchScreen.storyboard */,
				1A71A64F1EEB010D00C54BFA /* Info.plist */,
			);
			path = firstTutorial;
			sourceTree = "<group>";
		};
/* End PBXGroup section */

/* Begin PBXNativeTarget section */
		1A71A63F1EEB010D00C54BFA /* firstTutorial */ = {
			isa = PBXNativeTarget;
			buildConfigurationList = 1A71A6521EEB010D00C54BFA /* Build configuration list for PBXNativeTarget "firstTutorial" */;
			buildPhases = (
				1A71A63C1EEB010D00C54BFA /* Sources */,
				1A71A63D1EEB010D00C54BFA /* Frameworks */,
				1A71A63E1EEB010D00C54BFA /* Resources */,
			);
			buildRules = (
			);
			dependencies = (
			);
			name = firstTutorial;
			productName = firstTutorial;
			productReference = 1A71A6401EEB010D00C54BFA /* firstTutorial.app */;
			productType = "com.apple.product-type.application";
		};
/* End PBXNativeTarget section */

/* Begin PBXProject section */
		1A71A6381EEB010D00C54BFA /* Project object */ = {
			isa = PBXProject;
			attributes = {
				LastSwiftUpdateCheck = 0830;
				LastUpgradeCheck = 0830;
				ORGANIZATIONNAME = "Appz End";
				TargetAttributes = {
					1A71A63F1EEB010D00C54BFA = {
						CreatedOnToolsVersion = 8.3.2;
						DevelopmentTeam = 5SX392875V;
						ProvisioningStyle = Automatic;
					};
				};
			};
			buildConfigurationList = 1A71A63B1EEB010D00C54BFA /* Build configuration list for PBXProject "firstTutorial" */;
			compatibilityVersion = "Xcode 3.2";
			developmentRegion = English;
			hasScannedForEncodings = 0;
			knownRegions = (
				en,
				Base,
			);
			mainGroup = 1A71A6371EEB010D00C54BFA;
			productRefGroup = 1A71A6411EEB010D00C54BFA /* Products */;
			projectDirPath = "";
			projectRoot = "";
			targets = (
				1A71A63F1EEB010D00C54BFA /* firstTutorial */,
			);
		};
/* End PBXProject section */

/* Begin PBXResourcesBuildPhase section */
		1A71A63E1EEB010D00C54BFA /* Resources */ = {
			isa = PBXResourcesBuildPhase;
			buildActionMask = 2147483647;
			files = (
				1A71A64E1EEB010D00C54BFA /* LaunchScreen.storyboard in Resources */,
				1A71A64B1EEB010D00C54BFA /* Assets.xcassets in Resources */,
				1A71A6491EEB010D00C54BFA /* Main.storyboard in Resources */,
			);
			runOnlyForDeploymentPostprocessing = 0;
		};
/* End PBXResourcesBuildPhase section */

/* Begin PBXSourcesBuildPhase section */
		1A71A63C1EEB010D00C54BFA /* Sources */ = {
			isa = PBXSourcesBuildPhase;
			buildActionMask = 2147483647;
			files = (
				1A71A6461EEB010D00C54BFA /* ViewController.swift in Sources */,
				1A71A6441EEB010D00C54BFA /* AppDelegate.swift in Sources */,
			);
			runOnlyForDeploymentPostprocessing = 0;
		};
/* End PBXSourcesBuildPhase section */

/* Begin PBXVariantGroup section */
		1A71A6471EEB010D00C54BFA /* Main.storyboard */ = {
			isa = PBXVariantGroup;
			children = (
				1A71A6481EEB010D00C54BFA /* Base */,
			);
			name = Main.storyboard;
			sourceTree = "<group>";
		};
		1A71A64C1EEB010D00C54BFA /* LaunchScreen.storyboard */ = {
			isa = PBXVariantGroup;
			children = (
				1A71A64D1EEB010D00C54BFA /* Base */,
			);
			name = LaunchScreen.storyboard;
			sourceTree = "<group>";
		};
/* End PBXVariantGroup section */

/* Begin XCBuildConfiguration section */
		1A71A6501EEB010D00C54BFA /* Debug */ = {
			isa = XCBuildConfiguration;
			buildSettings = {
				ALWAYS_SEARCH_USER_PATHS = NO;
				CLANG_ANALYZER_NONNULL = YES;
				CLANG_ANALYZER_NUMBER_OBJECT_CONVERSION = YES_AGGRESSIVE;
				CLANG_CXX_LANGUAGE_STANDARD = "gnu++0x";
				CLANG_CXX_LIBRARY = "libc++";
				CLANG_ENABLE_MODULES = YES;
				CLANG_ENABLE_OBJC_ARC = YES;
				CLANG_WARN_BOOL_CONVERSION = YES;
				CLANG_WARN_CONSTANT_CONVERSION = YES;
				CLANG_WARN_DIRECT_OBJC_ISA_USAGE = YES_ERROR;
				CLANG_WARN_DOCUMENTATION_COMMENTS = YES;
				CLANG_WARN_EMPTY_BODY = YES;
				CLANG_WARN_ENUM_CONVERSION = YES;
				CLANG_WARN_INFINITE_RECURSION = YES;
				CLANG_WARN_INT_CONVERSION = YES;
				CLANG_WARN_OBJC_ROOT_CLASS = YES_ERROR;
				CLANG_WARN_SUSPICIOUS_MOVE = YES;
				CLANG_WARN_UNREACHABLE_CODE = YES;
				CLANG_WARN__DUPLICATE_METHOD_MATCH = YES;
				"CODE_SIGN_IDENTITY[sdk=iphoneos*]" = "iPhone Developer";
				COPY_PHASE_STRIP = NO;
				DEBUG_INFORMATION_FORMAT = dwarf;
				ENABLE_STRICT_OBJC_MSGSEND = YES;
				ENABLE_TESTABILITY = YES;
				GCC_C_LANGUAGE_STANDARD = gnu99;
				GCC_DYNAMIC_NO_PIC = NO;
				GCC_NO_COMMON_BLOCKS = YES;
				GCC_OPTIMIZATION_LEVEL = 0;
				GCC_PREPROCESSOR_DEFINITIONS = (
					"DEBUG=1",
					"$(inherited)",
				);
				GCC_WARN_64_TO_32_BIT_CONVERSION = YES;
				GCC_WARN_ABOUT_RETURN_TYPE = YES_ERROR;
				GCC_WARN_UNDECLARED_SELECTOR = YES;
				GCC_WARN_UNINITIALIZED_AUTOS = YES_AGGRESSIVE;
				GCC_WARN_UNUSED_FUNCTION = YES;
				GCC_WARN_UNUSED_VARIABLE = YES;
				IPHONEOS_DEPLOYMENT_TARGET = 10.3;
				MTL_ENABLE_DEBUG_INFO = YES;
				ONLY_ACTIVE_ARCH = YES;
				SDKROOT = iphoneos;
				SWIFT_ACTIVE_COMPILATION_CONDITIONS = DEBUG;
				SWIFT_OPTIMIZATION_LEVEL = "-Onone";
				TARGETED_DEVICE_FAMILY = "1,2";
			};
			name = Debug;
		};
		1A71A6511EEB010D00C54BFA /* Release */ = {
			isa = XCBuildConfiguration;
			buildSettings = {
				ALWAYS_SEARCH_USER_PATHS = NO;
				CLANG_ANALYZER_NONNULL = YES;
				CLANG_ANALYZER_NUMBER_OBJECT_CONVERSION = YES_AGGRESSIVE;
				CLANG_CXX_LANGUAGE_STANDARD = "gnu++0x";
				CLANG_CXX_LIBRARY = "libc++";
				CLANG_ENABLE_MODULES = YES;
				CLANG_ENABLE_OBJC_ARC = YES;
				CLANG_WARN_BOOL_CONVERSION = YES;
				CLANG_WARN_CONSTANT_CONVERSION = YES;
				CLANG_WARN_DIRECT_OBJC_ISA_USAGE = YES_ERROR;
				CLANG_WARN_DOCUMENTATION_COMMENTS = YES;
				CLANG_WARN_EMPTY_BODY = YES;
				CLANG_WARN_ENUM_CONVERSION = YES;
				CLANG_WARN_INFINITE_RECURSION = YES;
				CLANG_WARN_INT_CONVERSION = YES;
				CLANG_WARN_OBJC_ROOT_CLASS = YES_ERROR;
				CLANG_WARN_SUSPICIOUS_MOVE = YES;
				CLANG_WARN_UNREACHABLE_CODE = YES;
				CLANG_WARN__DUPLICATE_METHOD_MATCH = YES;
				"CODE_SIGN_IDENTITY[sdk=iphoneos*]" = "iPhone Developer";
				COPY_PHASE_STRIP = NO;
				DEBUG_INFORMATION_FORMAT = "dwarf-with-dsym";
				ENABLE_NS_ASSERTIONS = NO;
				ENABLE_STRICT_OBJC_MSGSEND = YES;
				GCC_C_LANGUAGE_STANDARD = gnu99;
				GCC_NO_COMMON_BLOCKS = YES;
				GCC_WARN_64_TO_32_BIT_CONVERSION = YES;
				GCC_WARN_ABOUT_RETURN_TYPE = YES_ERROR;
				GCC_WARN_UNDECLARED_SELECTOR = YES;
				GCC_WARN_UNINITIALIZED_AUTOS = YES_AGGRESSIVE;
				GCC_WARN_UNUSED_FUNCTION = YES;
				GCC_WARN_UNUSED_VARIABLE = YES;
				IPHONEOS_DEPLOYMENT_TARGET = 10.3;
				MTL_ENABLE_DEBUG_INFO = NO;
				SDKROOT = iphoneos;
				SWIFT_OPTIMIZATION_LEVEL = "-Owholemodule";
				TARGETED_DEVICE_FAMILY = "1,2";
				VALIDATE_PRODUCT = YES;
			};
			name = Release;
		};
		1A71A6531EEB010D00C54BFA /* Debug */ = {
			isa = XCBuildConfiguration;
			buildSettings = {
				ASSETCATALOG_COMPILER_APPICON_NAME = AppIcon;
				DEVELOPMENT_TEAM = 5SX392875V;
				INFOPLIST_FILE = firstTutorial/Info.plist;
				LD_RUNPATH_SEARCH_PATHS = "$(inherited) @executable_path/Frameworks";
				PRODUCT_BUNDLE_IDENTIFIER = com.AppzEnd.firstTutorial;
				PRODUCT_NAME = "$(TARGET_NAME)";
				SWIFT_VERSION = 3.0;
			};
			name = Debug;
		};
		1A71A6541EEB010D00C54BFA /* Release */ = {
			isa = XCBuildConfiguration;
			buildSettings = {
				ASSETCATALOG_COMPILER_APPICON_NAME = AppIcon;
				DEVELOPMENT_TEAM = 5SX392875V;
				INFOPLIST_FILE = firstTutorial/Info.plist;
				LD_RUNPATH_SEARCH_PATHS = "$(inherited) @executable_path/Frameworks";
				PRODUCT_BUNDLE_IDENTIFIER = com.AppzEnd.firstTutorial;
				PRODUCT_NAME = "$(TARGET_NAME)";
				SWIFT_VERSION = 3.0;
			};
			name = Release;
		};
/* End XCBuildConfiguration section */

/* Begin XCConfigurationList section */
		1A71A63B1EEB010D00C54BFA /* Build configuration list for PBXProject "firstTutorial" */ = {
			isa = XCConfigurationList;
			buildConfigurations = (
				1A71A6501EEB010D00C54BFA /* Debug */,
				1A71A6511EEB010D00C54BFA /* Release */,
			);
			defaultConfigurationIsVisible = 0;
			defaultConfigurationName = Release;
		};
		1A71A6521EEB010D00C54BFA /* Build configuration list for PBXNativeTarget "firstTutorial" */ = {
			isa = XCConfigurationList;
			buildConfigurations = (
				1A71A6531EEB010D00C54BFA /* Debug */,
				1A71A6541EEB010D00C54BFA /* Release */,
			);
			defaultConfigurationIsVisible = 0;
		};
/* End XCConfigurationList section */
	};
	rootObject = 1A71A6381EEB010D00C54BFA /* Project object */;
}
